
Microsoft Visual Studio Solution File, Format Version 12.00
# Visual Studio Version 17
VisualStudioVersion = 17.8.34525.116
MinimumVisualStudioVersion = 10.0.40219.1
Project("{FAE04EC0-301F-11D3-BF4B-00C04F79EFBC}") = "Practica", "Practica.csproj", "{D83331F7-6613-4610-A5A8-2B335471165A}"
EndProject
Global
	GlobalSection(SolutionConfigurationPlatforms) = preSolution
		Debug|Any CPU = Debug|Any CPU
		Release|Any CPU = Release|Any CPU
	EndGlobalSection
	GlobalSection(ProjectConfigurationPlatforms) = postSolution
		{D83331F7-6613-4610-A5A8-2B335471165A}.Debug|Any CPU.ActiveCfg = Debug|Any CPU
		{D83331F7-6613-4610-A5A8-2B335471165A}.Debug|Any CPU.Build.0 = Debug|Any CPU
		{D83331F7-6613-4610-A5A8-2B335471165A}.Release|Any CPU.ActiveCfg = Release|Any CPU
		{D83331F7-6613-4610-A5A8-2B335471165A}.Release|Any CPU.Build.0 = Release|Any CPU
	EndGlobalSection
	GlobalSection(SolutionProperties) = preSolution
		HideSolutionNode = FALSE
	EndGlobalSection
	GlobalSection(ExtensibilityGlobals) = postSolution
		SolutionGuid = {FB171F69-A9C4-4120-933B-9077A398ADE2}
	EndGlobalSection
EndGlobal
